{
  "name": "spaces",
  "version": "1.0.0",
  "lockfileVersion": 3,
  "requires": true,
  "packages": {
    "": {
      "name": "spaces",
      "version": "1.0.0",
      "license": "ISC",
      "dependencies": {
        "@fhevm/solidity": "^0.13.3",
        "@pythnetwork/entropy-sdk-solidity": "^2.2.1",
        "@pythnetwork/pyth-sdk-solidity": "^4.3.1"
      }
    },
    "node_modules/@fhevm/solidity": {
      "version": "0.13.3",
      "resolved": "https://registry.npmjs.org/@fhevm/solidity/-/solidity-0.13.3.tgz",
      "integrity": "sha512-Hx4OgEfc7F1pLFeOQMwyPQuk5G5qWmdRXznO5VqRSQy0TQTWAt3ZLgLxDdU3ldqtQxHURfXCx2JgeXX8UbupMQ==",
      "license": "BSD-3-Clause-Clear",
      "dependencies": {
        "encrypted-types": "^0.0.4"
      },
      "engines": {
        "node": ">=20.0.0"
      },
      "optionalDependencies": {
        "solidity-comments-darwin-arm64": "0.1.1",
        "solidity-comments-linux-x64-gnu": "0.1.1"
      }
    },
    "node_modules/@pythnetwork/entropy-sdk-solidity": {
      "version": "2.2.1",
      "resolved": "https://registry.npmjs.org/@pythnetwork/entropy-sdk-solidity/-/entropy-sdk-solidity-2.2.1.tgz",
      "integrity": "sha512-vwP7uJby591PWl78nA/lFkAsy9vSNV4DdvcqHxkAZEHhcAobVqErAMFSqp6HRO/epe07WKCorT+7favHh4sCjQ==",
      "license": "Apache-2.0",
      "engines": {
        "node": ">=22.14.0"
      }
    },
    "node_modules/@pythnetwork/pyth-sdk-solidity": {
      "version": "4.3.1",
      "resolved": "https://registry.npmjs.org/@pythnetwork/pyth-sdk-solidity/-/pyth-sdk-solidity-4.3.1.tgz",
      "integrity": "sha512-dAzsVDSKXS/Tbhik5Hp2kix3vDp98SlCXmputDIOkVyF4SKKnhXmIn+iGVmSQdrlF9jCFtvjBj7XYP+9wwpA4A==",
      "license": "Apache-2.0",
      "engines": {
        "node": ">=22.14.0"
      }
    },
    "node_modules/encrypted-types": {
      "version": "0.0.4",
      "resolved": "https://registry.npmjs.org/encrypted-types/-/encrypted-types-0.0.4.tgz",
      "integrity": "sha512-f55ccBBUwvqWqr3ymAVOLZ6bzjsSQZlDN0GcKFmzkvTpml4Vm3Y6BCaHhCuW/ctrabTJJ3DFnUsjtFOpokJUaQ==",
      "license": "MIT"
    },
    "node_modules/solidity-comments-darwin-arm64": {
      "version": "0.1.1",
      "resolved": "https://registry.npmjs.org/solidity-comments-darwin-arm64/-/solidity-comments-darwin-arm64-0.1.1.tgz",
      "integrity": "sha512-ze1+YboHm8tRJXCoFEsxtU1gpvQ3rCH55xMtBH6dtyh1/gz4qrKCOUBaAP+IHplbzCacZBn+Pz3UmMDOoGshRw==",
      "cpu": [
        "arm64"
      ],
      "license": "MIT",
      "optional": true,
      "os": [
        "darwin"
      ],
      "engines": {
        "node": ">= 10"
      }
    },
    "node_modules/solidity-comments-linux-x64-gnu": {
      "version": "0.1.1",
      "resolved": "https://registry.npmjs.org/solidity-comments-linux-x64-gnu/-/solidity-comments-linux-x64-gnu-0.1.1.tgz",
      "integrity": "sha512-oiU4yhh1Q9SeGXQ+/sogfTNoOkU8I8IvlIeotBQziTOonUHrxQk4E63kNiYGPDn5ZbB3BhKFmGHNRNrkufsxcQ==",
      "cpu": [
        "x64"
      ],
      "license": "MIT",
      "optional": true,
      "os": [
        "linux"
      ],
      "engines": {
        "node": ">= 10"
      }
    }
  }
}
